
Microsoft Visual Studio Solution File, Format Version 12.00
# Visual Studio Version 17
VisualStudioVersion = 17.7.34003.232
MinimumVisualStudioVersion = 10.0.40219.1
Project("{9A19103F-16F7-4668-BE54-9A1E7A4F7556}") = "eticaret_uygula", "eticaret_uygula\eticaret_uygula.csproj", "{CEB6A9EB-9661-4ADB-AEB9-0946F243A417}"
EndProject
Project("{FAE04EC0-301F-11D3-BF4B-00C04F79EFBC}") = "eticaretwebapi", "eticaretwebapi\eticaretwebapi.csproj", "{18BC53DA-208C-4FF0-9E3F-A7B0A2EB151B}"
EndProject
Global
	GlobalSection(SolutionConfigurationPlatforms) = preSolution
		Debug|Any CPU = Debug|Any CPU
		Release|Any CPU = Release|Any CPU
	EndGlobalSection
	GlobalSection(ProjectConfigurationPlatforms) = postSolution
		{CEB6A9EB-9661-4ADB-AEB9-0946F243A417}.Debug|Any CPU.ActiveCfg = Debug|Any CPU
		{CEB6A9EB-9661-4ADB-AEB9-0946F243A417}.Debug|Any CPU.Build.0 = Debug|Any CPU
		{CEB6A9EB-9661-4ADB-AEB9-0946F243A417}.Release|Any CPU.ActiveCfg = Release|Any CPU
		{CEB6A9EB-9661-4ADB-AEB9-0946F243A417}.Release|Any CPU.Build.0 = Release|Any CPU
		{18BC53DA-208C-4FF0-9E3F-A7B0A2EB151B}.Debug|Any CPU.ActiveCfg = Debug|Any CPU
		{18BC53DA-208C-4FF0-9E3F-A7B0A2EB151B}.Debug|Any CPU.Build.0 = Debug|Any CPU
		{18BC53DA-208C-4FF0-9E3F-A7B0A2EB151B}.Release|Any CPU.ActiveCfg = Release|Any CPU
		{18BC53DA-208C-4FF0-9E3F-A7B0A2EB151B}.Release|Any CPU.Build.0 = Release|Any CPU
	EndGlobalSection
	GlobalSection(SolutionProperties) = preSolution
		HideSolutionNode = FALSE
	EndGlobalSection
	GlobalSection(ExtensibilityGlobals) = postSolution
		SolutionGuid = {19839D8D-9EFD-4619-939A-1BA9B9E08A64}
	EndGlobalSection
EndGlobal
